
Microsoft Visual Studio Solution File, Format Version 12.00
# Visual Studio Version 17
VisualStudioVersion = 17.5.33530.505
MinimumVisualStudioVersion = 10.0.40219.1
Project("{FAE04EC0-301F-11D3-BF4B-00C04F79EFBC}") = "Supermarket-mvp", "Supermarket-mvp.csproj", "{6680AB92-A10E-4133-A384-0F26E4B71C40}"
EndProject
Global
	GlobalSection(SolutionConfigurationPlatforms) = preSolution
		Debug|Any CPU = Debug|Any CPU
		Release|Any CPU = Release|Any CPU
	EndGlobalSection
	GlobalSection(ProjectConfigurationPlatforms) = postSolution
		{6680AB92-A10E-4133-A384-0F26E4B71C40}.Debug|Any CPU.ActiveCfg = Debug|Any CPU
		{6680AB92-A10E-4133-A384-0F26E4B71C40}.Debug|Any CPU.Build.0 = Debug|Any CPU
		{6680AB92-A10E-4133-A384-0F26E4B71C40}.Release|Any CPU.ActiveCfg = Release|Any CPU
		{6680AB92-A10E-4133-A384-0F26E4B71C40}.Release|Any CPU.Build.0 = Release|Any CPU
	EndGlobalSection
	GlobalSection(SolutionProperties) = preSolution
		HideSolutionNode = FALSE
	EndGlobalSection
	GlobalSection(ExtensibilityGlobals) = postSolution
		SolutionGuid = {E848F0D6-DA29-4007-8B8E-D204EE0724A5}
	EndGlobalSection
EndGlobal
